
Microsoft Visual Studio Solution File, Format Version 12.00
# Visual Studio Version 16
VisualStudioVersion = 16.0.30114.105
MinimumVisualStudioVersion = 10.0.40219.1
Project("{FAE04EC0-301F-11D3-BF4B-00C04F79EFBC}") = "CustomerManager.Application", "CustomerManager.Application\CustomerManager.Application.csproj", "{2F5CBB99-5295-4C36-867E-893856824051}"
EndProject
Project("{FAE04EC0-301F-11D3-BF4B-00C04F79EFBC}") = "CustomerManager.Domain", "CustomerManager.Domain\CustomerManager.Domain.csproj", "{442640DE-BCCA-4BD9-BD80-7C763C045082}"
EndProject
Project("{FAE04EC0-301F-11D3-BF4B-00C04F79EFBC}") = "CustomerManager", "CustomerManager.API\CustomerManager.API.csproj", "{304184AA-ABCD-44F7-8BB2-CF0E1F9FA6BB}"
EndProject
Project("{FAE04EC0-301F-11D3-BF4B-00C04F79EFBC}") = "CustomerManager.Persistence", "CustomerManager.Persistence\CustomerManager.Persistence.csproj", "{BEB9CAAC-4BE2-4819-977D-2DC0A71873DB}"
EndProject
Global
	GlobalSection(SolutionConfigurationPlatforms) = preSolution
		Debug|Any CPU = Debug|Any CPU
		Debug|x64 = Debug|x64
		Debug|x86 = Debug|x86
		Release|Any CPU = Release|Any CPU
		Release|x64 = Release|x64
		Release|x86 = Release|x86
	EndGlobalSection
	GlobalSection(SolutionProperties) = preSolution
		HideSolutionNode = FALSE
	EndGlobalSection
	GlobalSection(ProjectConfigurationPlatforms) = postSolution
		{2F5CBB99-5295-4C36-867E-893856824051}.Debug|Any CPU.ActiveCfg = Debug|Any CPU
		{2F5CBB99-5295-4C36-867E-893856824051}.Debug|Any CPU.Build.0 = Debug|Any CPU
		{2F5CBB99-5295-4C36-867E-893856824051}.Debug|x64.ActiveCfg = Debug|Any CPU
		{2F5CBB99-5295-4C36-867E-893856824051}.Debug|x64.Build.0 = Debug|Any CPU
		{2F5CBB99-5295-4C36-867E-893856824051}.Debug|x86.ActiveCfg = Debug|Any CPU
		{2F5CBB99-5295-4C36-867E-893856824051}.Debug|x86.Build.0 = Debug|Any CPU
		{2F5CBB99-5295-4C36-867E-893856824051}.Release|Any CPU.ActiveCfg = Release|Any CPU
		{2F5CBB99-5295-4C36-867E-893856824051}.Release|Any CPU.Build.0 = Release|Any CPU
		{2F5CBB99-5295-4C36-867E-893856824051}.Release|x64.ActiveCfg = Release|Any CPU
		{2F5CBB99-5295-4C36-867E-893856824051}.Release|x64.Build.0 = Release|Any CPU
		{2F5CBB99-5295-4C36-867E-893856824051}.Release|x86.ActiveCfg = Release|Any CPU
		{2F5CBB99-5295-4C36-867E-893856824051}.Release|x86.Build.0 = Release|Any CPU
		{442640DE-BCCA-4BD9-BD80-7C763C045082}.Debug|Any CPU.ActiveCfg = Debug|Any CPU
		{442640DE-BCCA-4BD9-BD80-7C763C045082}.Debug|Any CPU.Build.0 = Debug|Any CPU
		{442640DE-BCCA-4BD9-BD80-7C763C045082}.Debug|x64.ActiveCfg = Debug|Any CPU
		{442640DE-BCCA-4BD9-BD80-7C763C045082}.Debug|x64.Build.0 = Debug|Any CPU
		{442640DE-BCCA-4BD9-BD80-7C763C045082}.Debug|x86.ActiveCfg = Debug|Any CPU
		{442640DE-BCCA-4BD9-BD80-7C763C045082}.Debug|x86.Build.0 = Debug|Any CPU
		{442640DE-BCCA-4BD9-BD80-7C763C045082}.Release|Any CPU.ActiveCfg = Release|Any CPU
		{442640DE-BCCA-4BD9-BD80-7C763C045082}.Release|Any CPU.Build.0 = Release|Any CPU
		{442640DE-BCCA-4BD9-BD80-7C763C045082}.Release|x64.ActiveCfg = Release|Any CPU
		{442640DE-BCCA-4BD9-BD80-7C763C045082}.Release|x64.Build.0 = Release|Any CPU
		{442640DE-BCCA-4BD9-BD80-7C763C045082}.Release|x86.ActiveCfg = Release|Any CPU
		{442640DE-BCCA-4BD9-BD80-7C763C045082}.Release|x86.Build.0 = Release|Any CPU
		{304184AA-ABCD-44F7-8BB2-CF0E1F9FA6BB}.Debug|Any CPU.ActiveCfg = Debug|Any CPU
		{304184AA-ABCD-44F7-8BB2-CF0E1F9FA6BB}.Debug|Any CPU.Build.0 = Debug|Any CPU
		{304184AA-ABCD-44F7-8BB2-CF0E1F9FA6BB}.Debug|x64.ActiveCfg = Debug|Any CPU
		{304184AA-ABCD-44F7-8BB2-CF0E1F9FA6BB}.Debug|x64.Build.0 = Debug|Any CPU
		{304184AA-ABCD-44F7-8BB2-CF0E1F9FA6BB}.Debug|x86.ActiveCfg = Debug|Any CPU
		{304184AA-ABCD-44F7-8BB2-CF0E1F9FA6BB}.Debug|x86.Build.0 = Debug|Any CPU
		{304184AA-ABCD-44F7-8BB2-CF0E1F9FA6BB}.Release|Any CPU.ActiveCfg = Release|Any CPU
		{304184AA-ABCD-44F7-8BB2-CF0E1F9FA6BB}.Release|Any CPU.Build.0 = Release|Any CPU
		{304184AA-ABCD-44F7-8BB2-CF0E1F9FA6BB}.Release|x64.ActiveCfg = Release|Any CPU
		{304184AA-ABCD-44F7-8BB2-CF0E1F9FA6BB}.Release|x64.Build.0 = Release|Any CPU
		{304184AA-ABCD-44F7-8BB2-CF0E1F9FA6BB}.Release|x86.ActiveCfg = Release|Any CPU
		{304184AA-ABCD-44F7-8BB2-CF0E1F9FA6BB}.Release|x86.Build.0 = Release|Any CPU
		{BEB9CAAC-4BE2-4819-977D-2DC0A71873DB}.Debug|Any CPU.ActiveCfg = Debug|Any CPU
		{BEB9CAAC-4BE2-4819-977D-2DC0A71873DB}.Debug|Any CPU.Build.0 = Debug|Any CPU
		{BEB9CAAC-4BE2-4819-977D-2DC0A71873DB}.Debug|x64.ActiveCfg = Debug|Any CPU
		{BEB9CAAC-4BE2-4819-977D-2DC0A71873DB}.Debug|x64.Build.0 = Debug|Any CPU
		{BEB9CAAC-4BE2-4819-977D-2DC0A71873DB}.Debug|x86.ActiveCfg = Debug|Any CPU
		{BEB9CAAC-4BE2-4819-977D-2DC0A71873DB}.Debug|x86.Build.0 = Debug|Any CPU
		{BEB9CAAC-4BE2-4819-977D-2DC0A71873DB}.Release|Any CPU.ActiveCfg = Release|Any CPU
		{BEB9CAAC-4BE2-4819-977D-2DC0A71873DB}.Release|Any CPU.Build.0 = Release|Any CPU
		{BEB9CAAC-4BE2-4819-977D-2DC0A71873DB}.Release|x64.ActiveCfg = Release|Any CPU
		{BEB9CAAC-4BE2-4819-977D-2DC0A71873DB}.Release|x64.Build.0 = Release|Any CPU
		{BEB9CAAC-4BE2-4819-977D-2DC0A71873DB}.Release|x86.ActiveCfg = Release|Any CPU
		{BEB9CAAC-4BE2-4819-977D-2DC0A71873DB}.Release|x86.Build.0 = Release|Any CPU
	EndGlobalSection
EndGlobal
